
Microsoft Visual Studio Solution File, Format Version 12.00
# Visual Studio Version 17
VisualStudioVersion = 17.3.32825.248
MinimumVisualStudioVersion = 10.0.40219.1
Project("{FAE04EC0-301F-11D3-BF4B-00C04F79EFBC}") = "TaskAsync", "TaskAsync\TaskAsync.csproj", "{8E99D766-3994-47E2-A70D-616EA5503275}"
EndProject
Global
	GlobalSection(SolutionConfigurationPlatforms) = preSolution
		Debug|Any CPU = Debug|Any CPU
		Release|Any CPU = Release|Any CPU
	EndGlobalSection
	GlobalSection(ProjectConfigurationPlatforms) = postSolution
		{8E99D766-3994-47E2-A70D-616EA5503275}.Debug|Any CPU.ActiveCfg = Debug|Any CPU
		{8E99D766-3994-47E2-A70D-616EA5503275}.Debug|Any CPU.Build.0 = Debug|Any CPU
		{8E99D766-3994-47E2-A70D-616EA5503275}.Release|Any CPU.ActiveCfg = Release|Any CPU
		{8E99D766-3994-47E2-A70D-616EA5503275}.Release|Any CPU.Build.0 = Release|Any CPU
	EndGlobalSection
	GlobalSection(SolutionProperties) = preSolution
		HideSolutionNode = FALSE
	EndGlobalSection
	GlobalSection(ExtensibilityGlobals) = postSolution
		SolutionGuid = {30E78E0B-DCDB-49BA-B3B4-9A6E67BA882A}
	EndGlobalSection
EndGlobal
